
Microsoft Visual Studio Solution File, Format Version 12.00
# Visual Studio Version 17
VisualStudioVersion = 17.14.36915.13 d17.14
MinimumVisualStudioVersion = 10.0.40219.1
Project("{FAE04EC0-301F-11D3-BF4B-00C04F79EFBC}") = "presentacion", "presentacion\presentacion.csproj", "{87054C0E-F9AA-40CD-B34B-79BC4C3D4FCB}"
EndProject
Project("{FAE04EC0-301F-11D3-BF4B-00C04F79EFBC}") = "datos", "datos\datos.csproj", "{B9A3E7DD-E097-4608-82E3-7C8EDA8A83C1}"
EndProject
Project("{FAE04EC0-301F-11D3-BF4B-00C04F79EFBC}") = "negocios", "negocios\negocios.csproj", "{2D0587B9-8ADA-46D0-B849-7DB4F03BADF2}"
EndProject
Global
	GlobalSection(SolutionConfigurationPlatforms) = preSolution
		Debug|Any CPU = Debug|Any CPU
		Release|Any CPU = Release|Any CPU
	EndGlobalSection
	GlobalSection(ProjectConfigurationPlatforms) = postSolution
		{87054C0E-F9AA-40CD-B34B-79BC4C3D4FCB}.Debug|Any CPU.ActiveCfg = Debug|Any CPU
		{87054C0E-F9AA-40CD-B34B-79BC4C3D4FCB}.Debug|Any CPU.Build.0 = Debug|Any CPU
		{87054C0E-F9AA-40CD-B34B-79BC4C3D4FCB}.Release|Any CPU.ActiveCfg = Release|Any CPU
		{87054C0E-F9AA-40CD-B34B-79BC4C3D4FCB}.Release|Any CPU.Build.0 = Release|Any CPU
		{B9A3E7DD-E097-4608-82E3-7C8EDA8A83C1}.Debug|Any CPU.ActiveCfg = Debug|Any CPU
		{B9A3E7DD-E097-4608-82E3-7C8EDA8A83C1}.Debug|Any CPU.Build.0 = Debug|Any CPU
		{B9A3E7DD-E097-4608-82E3-7C8EDA8A83C1}.Release|Any CPU.ActiveCfg = Release|Any CPU
		{B9A3E7DD-E097-4608-82E3-7C8EDA8A83C1}.Release|Any CPU.Build.0 = Release|Any CPU
		{2D0587B9-8ADA-46D0-B849-7DB4F03BADF2}.Debug|Any CPU.ActiveCfg = Debug|Any CPU
		{2D0587B9-8ADA-46D0-B849-7DB4F03BADF2}.Debug|Any CPU.Build.0 = Debug|Any CPU
		{2D0587B9-8ADA-46D0-B849-7DB4F03BADF2}.Release|Any CPU.ActiveCfg = Release|Any CPU
		{2D0587B9-8ADA-46D0-B849-7DB4F03BADF2}.Release|Any CPU.Build.0 = Release|Any CPU
	EndGlobalSection
	GlobalSection(SolutionProperties) = preSolution
		HideSolutionNode = FALSE
	EndGlobalSection
	GlobalSection(ExtensibilityGlobals) = postSolution
		SolutionGuid = {017DCB8E-8E84-4830-96F9-88E986C7B192}
	EndGlobalSection
EndGlobal
